
Microsoft Visual Studio Solution File, Format Version 12.00
# Visual Studio Version 16
VisualStudioVersion = 16.0.29905.134
MinimumVisualStudioVersion = 10.0.40219.1
Project("{888888A0-9F3D-457C-B088-3A5042F75D52}") = "Tetris", "Tetris\Tetris.pyproj", "{17473617-A768-4D9B-A277-833F8FD00ADA}"
EndProject
Global
	GlobalSection(SolutionConfigurationPlatforms) = preSolution
		Debug|Any CPU = Debug|Any CPU
		Release|Any CPU = Release|Any CPU
	EndGlobalSection
	GlobalSection(ProjectConfigurationPlatforms) = postSolution
		{17473617-A768-4D9B-A277-833F8FD00ADA}.Debug|Any CPU.ActiveCfg = Debug|Any CPU
		{17473617-A768-4D9B-A277-833F8FD00ADA}.Release|Any CPU.ActiveCfg = Release|Any CPU
	EndGlobalSection
	GlobalSection(SolutionProperties) = preSolution
		HideSolutionNode = FALSE
	EndGlobalSection
	GlobalSection(ExtensibilityGlobals) = postSolution
		SolutionGuid = {4687E229-E798-44E9-B6C3-9E87BBC09A2D}
	EndGlobalSection
EndGlobal
